
Microsoft Visual Studio Solution File, Format Version 12.00
# Visual Studio Version 17
VisualStudioVersion = 17.1.32421.90
MinimumVisualStudioVersion = 10.0.40219.1
Project("{FAE04EC0-301F-11D3-BF4B-00C04F79EFBC}") = "Secao-11-Aula-154-Excecoes-personalizadas-p3", "Secao-11-Aula-154-Excecoes-personalizadas-p3\Secao-11-Aula-154-Excecoes-personalizadas-p3.csproj", "{702395DC-0294-4719-8F89-931A01CF3093}"
EndProject
Global
	GlobalSection(SolutionConfigurationPlatforms) = preSolution
		Debug|Any CPU = Debug|Any CPU
		Release|Any CPU = Release|Any CPU
	EndGlobalSection
	GlobalSection(ProjectConfigurationPlatforms) = postSolution
		{702395DC-0294-4719-8F89-931A01CF3093}.Debug|Any CPU.ActiveCfg = Debug|Any CPU
		{702395DC-0294-4719-8F89-931A01CF3093}.Debug|Any CPU.Build.0 = Debug|Any CPU
		{702395DC-0294-4719-8F89-931A01CF3093}.Release|Any CPU.ActiveCfg = Release|Any CPU
		{702395DC-0294-4719-8F89-931A01CF3093}.Release|Any CPU.Build.0 = Release|Any CPU
	EndGlobalSection
	GlobalSection(SolutionProperties) = preSolution
		HideSolutionNode = FALSE
	EndGlobalSection
	GlobalSection(ExtensibilityGlobals) = postSolution
		SolutionGuid = {A341CEA8-BDFE-4434-A1B5-9B93E60BD350}
	EndGlobalSection
EndGlobal
