
Microsoft Visual Studio Solution File, Format Version 12.00
# Visual Studio Version 17
VisualStudioVersion = 17.1.32421.90
MinimumVisualStudioVersion = 10.0.40219.1
Project("{FAE04EC0-301F-11D3-BF4B-00C04F79EFBC}") = "Secao-09-Aula-128-129-130-Exercicios-resolvidos", "Secao-09-Aula-128-129-130-Exercicios-resolvidos\Secao-09-Aula-128-129-130-Exercicios-resolvidos.csproj", "{C3189C04-0EBF-40DC-992E-8C161C60A836}"
EndProject
Global
	GlobalSection(SolutionConfigurationPlatforms) = preSolution
		Debug|Any CPU = Debug|Any CPU
		Release|Any CPU = Release|Any CPU
	EndGlobalSection
	GlobalSection(ProjectConfigurationPlatforms) = postSolution
		{C3189C04-0EBF-40DC-992E-8C161C60A836}.Debug|Any CPU.ActiveCfg = Debug|Any CPU
		{C3189C04-0EBF-40DC-992E-8C161C60A836}.Debug|Any CPU.Build.0 = Debug|Any CPU
		{C3189C04-0EBF-40DC-992E-8C161C60A836}.Release|Any CPU.ActiveCfg = Release|Any CPU
		{C3189C04-0EBF-40DC-992E-8C161C60A836}.Release|Any CPU.Build.0 = Release|Any CPU
	EndGlobalSection
	GlobalSection(SolutionProperties) = preSolution
		HideSolutionNode = FALSE
	EndGlobalSection
	GlobalSection(ExtensibilityGlobals) = postSolution
		SolutionGuid = {20489EF3-B03B-4B61-A7A5-00B26430A189}
	EndGlobalSection
EndGlobal
