
Microsoft Visual Studio Solution File, Format Version 12.00
# Visual Studio Version 17
VisualStudioVersion = 17.1.32421.90
MinimumVisualStudioVersion = 10.0.40219.1
Project("{FAE04EC0-301F-11D3-BF4B-00C04F79EFBC}") = "Secao-15-Aula-220-Exercicio-resolvido", "Secao-15-Aula-220-Exercicio-resolvido\Secao-15-Aula-220-Exercicio-resolvido.csproj", "{5B2E8ED1-44FB-4A02-9B97-7F88C1104394}"
EndProject
Global
	GlobalSection(SolutionConfigurationPlatforms) = preSolution
		Debug|Any CPU = Debug|Any CPU
		Release|Any CPU = Release|Any CPU
	EndGlobalSection
	GlobalSection(ProjectConfigurationPlatforms) = postSolution
		{5B2E8ED1-44FB-4A02-9B97-7F88C1104394}.Debug|Any CPU.ActiveCfg = Debug|Any CPU
		{5B2E8ED1-44FB-4A02-9B97-7F88C1104394}.Debug|Any CPU.Build.0 = Debug|Any CPU
		{5B2E8ED1-44FB-4A02-9B97-7F88C1104394}.Release|Any CPU.ActiveCfg = Release|Any CPU
		{5B2E8ED1-44FB-4A02-9B97-7F88C1104394}.Release|Any CPU.Build.0 = Release|Any CPU
	EndGlobalSection
	GlobalSection(SolutionProperties) = preSolution
		HideSolutionNode = FALSE
	EndGlobalSection
	GlobalSection(ExtensibilityGlobals) = postSolution
		SolutionGuid = {94AB66FA-F066-48D2-9147-7E942F89A950}
	EndGlobalSection
EndGlobal
