
Microsoft Visual Studio Solution File, Format Version 12.00
# Visual Studio Version 17
VisualStudioVersion = 17.1.32421.90
MinimumVisualStudioVersion = 10.0.40219.1
Project("{FAE04EC0-301F-11D3-BF4B-00C04F79EFBC}") = "Secao-07-Aula-092-Propriedades-e-operacoes-com-TimeSpan", "Secao-07-Aula-092-Propriedades-e-operacoes-com-TimeSpan\Secao-07-Aula-092-Propriedades-e-operacoes-com-TimeSpan.csproj", "{B37792EF-42A9-44A8-AF5E-9057A3583326}"
EndProject
Global
	GlobalSection(SolutionConfigurationPlatforms) = preSolution
		Debug|Any CPU = Debug|Any CPU
		Release|Any CPU = Release|Any CPU
	EndGlobalSection
	GlobalSection(ProjectConfigurationPlatforms) = postSolution
		{B37792EF-42A9-44A8-AF5E-9057A3583326}.Debug|Any CPU.ActiveCfg = Debug|Any CPU
		{B37792EF-42A9-44A8-AF5E-9057A3583326}.Debug|Any CPU.Build.0 = Debug|Any CPU
		{B37792EF-42A9-44A8-AF5E-9057A3583326}.Release|Any CPU.ActiveCfg = Release|Any CPU
		{B37792EF-42A9-44A8-AF5E-9057A3583326}.Release|Any CPU.Build.0 = Release|Any CPU
	EndGlobalSection
	GlobalSection(SolutionProperties) = preSolution
		HideSolutionNode = FALSE
	EndGlobalSection
	GlobalSection(ExtensibilityGlobals) = postSolution
		SolutionGuid = {AC9F840A-4C17-400F-9107-CB8C596B7661}
	EndGlobalSection
EndGlobal
