
Microsoft Visual Studio Solution File, Format Version 12.00
# Visual Studio Version 17
VisualStudioVersion = 17.1.32421.90
MinimumVisualStudioVersion = 10.0.40219.1
Project("{FAE04EC0-301F-11D3-BF4B-00C04F79EFBC}") = "Secao-10-Aula-146-Exercicio-proposto", "Secao-10-Aula-146-Exercicio-proposto\Secao-10-Aula-146-Exercicio-proposto.csproj", "{2138C37C-94CD-4046-A812-993FF2625481}"
EndProject
Global
	GlobalSection(SolutionConfigurationPlatforms) = preSolution
		Debug|Any CPU = Debug|Any CPU
		Release|Any CPU = Release|Any CPU
	EndGlobalSection
	GlobalSection(ProjectConfigurationPlatforms) = postSolution
		{2138C37C-94CD-4046-A812-993FF2625481}.Debug|Any CPU.ActiveCfg = Debug|Any CPU
		{2138C37C-94CD-4046-A812-993FF2625481}.Debug|Any CPU.Build.0 = Debug|Any CPU
		{2138C37C-94CD-4046-A812-993FF2625481}.Release|Any CPU.ActiveCfg = Release|Any CPU
		{2138C37C-94CD-4046-A812-993FF2625481}.Release|Any CPU.Build.0 = Release|Any CPU
	EndGlobalSection
	GlobalSection(SolutionProperties) = preSolution
		HideSolutionNode = FALSE
	EndGlobalSection
	GlobalSection(ExtensibilityGlobals) = postSolution
		SolutionGuid = {5AD939E2-5D6D-4355-BBF0-D3314B861A94}
	EndGlobalSection
EndGlobal
