
Microsoft Visual Studio Solution File, Format Version 12.00
# Visual Studio Version 17
VisualStudioVersion = 17.1.32421.90
MinimumVisualStudioVersion = 10.0.40219.1
Project("{FAE04EC0-301F-11D3-BF4B-00C04F79EFBC}") = "Secao-07-Aula-093-DateTimeKind-e-padrao-ISO-8601", "Secao-07-Aula-093-DateTimeKind-e-padrao-ISO-8601\Secao-07-Aula-093-DateTimeKind-e-padrao-ISO-8601.csproj", "{394ECF41-0188-4DFC-ABEE-BBCEB2B22838}"
EndProject
Global
	GlobalSection(SolutionConfigurationPlatforms) = preSolution
		Debug|Any CPU = Debug|Any CPU
		Release|Any CPU = Release|Any CPU
	EndGlobalSection
	GlobalSection(ProjectConfigurationPlatforms) = postSolution
		{394ECF41-0188-4DFC-ABEE-BBCEB2B22838}.Debug|Any CPU.ActiveCfg = Debug|Any CPU
		{394ECF41-0188-4DFC-ABEE-BBCEB2B22838}.Debug|Any CPU.Build.0 = Debug|Any CPU
		{394ECF41-0188-4DFC-ABEE-BBCEB2B22838}.Release|Any CPU.ActiveCfg = Release|Any CPU
		{394ECF41-0188-4DFC-ABEE-BBCEB2B22838}.Release|Any CPU.Build.0 = Release|Any CPU
	EndGlobalSection
	GlobalSection(SolutionProperties) = preSolution
		HideSolutionNode = FALSE
	EndGlobalSection
	GlobalSection(ExtensibilityGlobals) = postSolution
		SolutionGuid = {1A7BF9B2-FCF0-4CA9-A4E9-11DE4680853E}
	EndGlobalSection
EndGlobal
