
Microsoft Visual Studio Solution File, Format Version 12.00
# Visual Studio Version 17
VisualStudioVersion = 17.1.32421.90
MinimumVisualStudioVersion = 10.0.40219.1
Project("{FAE04EC0-301F-11D3-BF4B-00C04F79EFBC}") = "Secao-11-Aula-150-Estrutura-try-catch", "Secao-11-Aula-150-Estrutura-try-catch\Secao-11-Aula-150-Estrutura-try-catch.csproj", "{8F609F60-94FC-4C17-8CDE-7DB679564AC4}"
EndProject
Global
	GlobalSection(SolutionConfigurationPlatforms) = preSolution
		Debug|Any CPU = Debug|Any CPU
		Release|Any CPU = Release|Any CPU
	EndGlobalSection
	GlobalSection(ProjectConfigurationPlatforms) = postSolution
		{8F609F60-94FC-4C17-8CDE-7DB679564AC4}.Debug|Any CPU.ActiveCfg = Debug|Any CPU
		{8F609F60-94FC-4C17-8CDE-7DB679564AC4}.Debug|Any CPU.Build.0 = Debug|Any CPU
		{8F609F60-94FC-4C17-8CDE-7DB679564AC4}.Release|Any CPU.ActiveCfg = Release|Any CPU
		{8F609F60-94FC-4C17-8CDE-7DB679564AC4}.Release|Any CPU.Build.0 = Release|Any CPU
	EndGlobalSection
	GlobalSection(SolutionProperties) = preSolution
		HideSolutionNode = FALSE
	EndGlobalSection
	GlobalSection(ExtensibilityGlobals) = postSolution
		SolutionGuid = {3688BB0B-921A-47A4-A134-E9338A5281D9}
	EndGlobalSection
EndGlobal
