
Microsoft Visual Studio Solution File, Format Version 12.00
# Visual Studio Version 17
VisualStudioVersion = 17.1.32421.90
MinimumVisualStudioVersion = 10.0.40219.1
Project("{FAE04EC0-301F-11D3-BF4B-00C04F79EFBC}") = "Secao-13-Aula-197-Bloco-using", "Secao-13-Aula-197-Bloco-using\Secao-13-Aula-197-Bloco-using.csproj", "{76E7B7D9-7528-4AAC-A2EF-BC3E31033808}"
EndProject
Global
	GlobalSection(SolutionConfigurationPlatforms) = preSolution
		Debug|Any CPU = Debug|Any CPU
		Release|Any CPU = Release|Any CPU
	EndGlobalSection
	GlobalSection(ProjectConfigurationPlatforms) = postSolution
		{76E7B7D9-7528-4AAC-A2EF-BC3E31033808}.Debug|Any CPU.ActiveCfg = Debug|Any CPU
		{76E7B7D9-7528-4AAC-A2EF-BC3E31033808}.Debug|Any CPU.Build.0 = Debug|Any CPU
		{76E7B7D9-7528-4AAC-A2EF-BC3E31033808}.Release|Any CPU.ActiveCfg = Release|Any CPU
		{76E7B7D9-7528-4AAC-A2EF-BC3E31033808}.Release|Any CPU.Build.0 = Release|Any CPU
	EndGlobalSection
	GlobalSection(SolutionProperties) = preSolution
		HideSolutionNode = FALSE
	EndGlobalSection
	GlobalSection(ExtensibilityGlobals) = postSolution
		SolutionGuid = {6AF7C391-299A-4773-865A-4639F7DF9D3E}
	EndGlobalSection
EndGlobal
