
Microsoft Visual Studio Solution File, Format Version 12.00
# Visual Studio Version 17
VisualStudioVersion = 17.1.32421.90
MinimumVisualStudioVersion = 10.0.40219.1
Project("{FAE04EC0-301F-11D3-BF4B-00C04F79EFBC}") = "Secao-10-Aula-135-Heranca", "Secao-10-Aula-135-Heranca\Secao-10-Aula-135-Heranca.csproj", "{3FDC0476-A0D9-4B73-8FBE-F28329033455}"
EndProject
Global
	GlobalSection(SolutionConfigurationPlatforms) = preSolution
		Debug|Any CPU = Debug|Any CPU
		Release|Any CPU = Release|Any CPU
	EndGlobalSection
	GlobalSection(ProjectConfigurationPlatforms) = postSolution
		{3FDC0476-A0D9-4B73-8FBE-F28329033455}.Debug|Any CPU.ActiveCfg = Debug|Any CPU
		{3FDC0476-A0D9-4B73-8FBE-F28329033455}.Debug|Any CPU.Build.0 = Debug|Any CPU
		{3FDC0476-A0D9-4B73-8FBE-F28329033455}.Release|Any CPU.ActiveCfg = Release|Any CPU
		{3FDC0476-A0D9-4B73-8FBE-F28329033455}.Release|Any CPU.Build.0 = Release|Any CPU
	EndGlobalSection
	GlobalSection(SolutionProperties) = preSolution
		HideSolutionNode = FALSE
	EndGlobalSection
	GlobalSection(ExtensibilityGlobals) = postSolution
		SolutionGuid = {786B7738-C900-4208-A9B2-B5A021B759EF}
	EndGlobalSection
EndGlobal
