
Microsoft Visual Studio Solution File, Format Version 12.00
# Visual Studio Version 17
VisualStudioVersion = 17.1.32421.90
MinimumVisualStudioVersion = 10.0.40219.1
Project("{FAE04EC0-301F-11D3-BF4B-00C04F79EFBC}") = "Secao-14-Aula-211-Interface-IComparable", "Secao-14-Aula-211-Interface-IComparable\Secao-14-Aula-211-Interface-IComparable.csproj", "{C407E2E1-9506-49D2-9856-2E9C96F21B53}"
EndProject
Global
	GlobalSection(SolutionConfigurationPlatforms) = preSolution
		Debug|Any CPU = Debug|Any CPU
		Release|Any CPU = Release|Any CPU
	EndGlobalSection
	GlobalSection(ProjectConfigurationPlatforms) = postSolution
		{C407E2E1-9506-49D2-9856-2E9C96F21B53}.Debug|Any CPU.ActiveCfg = Debug|Any CPU
		{C407E2E1-9506-49D2-9856-2E9C96F21B53}.Debug|Any CPU.Build.0 = Debug|Any CPU
		{C407E2E1-9506-49D2-9856-2E9C96F21B53}.Release|Any CPU.ActiveCfg = Release|Any CPU
		{C407E2E1-9506-49D2-9856-2E9C96F21B53}.Release|Any CPU.Build.0 = Release|Any CPU
	EndGlobalSection
	GlobalSection(SolutionProperties) = preSolution
		HideSolutionNode = FALSE
	EndGlobalSection
	GlobalSection(ExtensibilityGlobals) = postSolution
		SolutionGuid = {DE41D7CF-B62D-4C19-9FBA-D3E911E7DE16}
	EndGlobalSection
EndGlobal
