
Microsoft Visual Studio Solution File, Format Version 12.00
# Visual Studio Version 17
VisualStudioVersion = 17.1.32421.90
MinimumVisualStudioVersion = 10.0.40219.1
Project("{FAE04EC0-301F-11D3-BF4B-00C04F79EFBC}") = "Secao-16-Aula-226-Extension-methods", "Secao-16-Aula-226-Extension-methods\Secao-16-Aula-226-Extension-methods.csproj", "{2A1F0E5C-6D5D-465B-AF7E-5DF5D72BD068}"
EndProject
Global
	GlobalSection(SolutionConfigurationPlatforms) = preSolution
		Debug|Any CPU = Debug|Any CPU
		Release|Any CPU = Release|Any CPU
	EndGlobalSection
	GlobalSection(ProjectConfigurationPlatforms) = postSolution
		{2A1F0E5C-6D5D-465B-AF7E-5DF5D72BD068}.Debug|Any CPU.ActiveCfg = Debug|Any CPU
		{2A1F0E5C-6D5D-465B-AF7E-5DF5D72BD068}.Debug|Any CPU.Build.0 = Debug|Any CPU
		{2A1F0E5C-6D5D-465B-AF7E-5DF5D72BD068}.Release|Any CPU.ActiveCfg = Release|Any CPU
		{2A1F0E5C-6D5D-465B-AF7E-5DF5D72BD068}.Release|Any CPU.Build.0 = Release|Any CPU
	EndGlobalSection
	GlobalSection(SolutionProperties) = preSolution
		HideSolutionNode = FALSE
	EndGlobalSection
	GlobalSection(ExtensibilityGlobals) = postSolution
		SolutionGuid = {CC12B0F6-36EA-4A63-858E-B186A785171C}
	EndGlobalSection
EndGlobal
