
Microsoft Visual Studio Solution File, Format Version 12.00
# Visual Studio Version 17
VisualStudioVersion = 17.1.32421.90
MinimumVisualStudioVersion = 10.0.40219.1
Project("{FAE04EC0-301F-11D3-BF4B-00C04F79EFBC}") = "Secao-11-Aula-153-Excecoes-personalizadas-p2", "Secao-11-Aula-153-Excecoes-personalizadas-p2\Secao-11-Aula-153-Excecoes-personalizadas-p2.csproj", "{7360750D-DB51-4C36-95C7-1AAF9A84E243}"
EndProject
Global
	GlobalSection(SolutionConfigurationPlatforms) = preSolution
		Debug|Any CPU = Debug|Any CPU
		Release|Any CPU = Release|Any CPU
	EndGlobalSection
	GlobalSection(ProjectConfigurationPlatforms) = postSolution
		{7360750D-DB51-4C36-95C7-1AAF9A84E243}.Debug|Any CPU.ActiveCfg = Debug|Any CPU
		{7360750D-DB51-4C36-95C7-1AAF9A84E243}.Debug|Any CPU.Build.0 = Debug|Any CPU
		{7360750D-DB51-4C36-95C7-1AAF9A84E243}.Release|Any CPU.ActiveCfg = Release|Any CPU
		{7360750D-DB51-4C36-95C7-1AAF9A84E243}.Release|Any CPU.Build.0 = Release|Any CPU
	EndGlobalSection
	GlobalSection(SolutionProperties) = preSolution
		HideSolutionNode = FALSE
	EndGlobalSection
	GlobalSection(ExtensibilityGlobals) = postSolution
		SolutionGuid = {6F9081AB-D6A7-4C92-BB85-37C19EC191EC}
	EndGlobalSection
EndGlobal
