
Microsoft Visual Studio Solution File, Format Version 12.00
# Visual Studio Version 17
VisualStudioVersion = 17.1.32421.90
MinimumVisualStudioVersion = 10.0.40219.1
Project("{FAE04EC0-301F-11D3-BF4B-00C04F79EFBC}") = "Secao-06-Aula-071-Exercicio-de-fixacao-vetores", "Secao-06-Aula-071-Exercicio-de-fixacao-vetores\Secao-06-Aula-071-Exercicio-de-fixacao-vetores.csproj", "{03679752-4337-4E51-9289-0CF84F881586}"
EndProject
Global
	GlobalSection(SolutionConfigurationPlatforms) = preSolution
		Debug|Any CPU = Debug|Any CPU
		Release|Any CPU = Release|Any CPU
	EndGlobalSection
	GlobalSection(ProjectConfigurationPlatforms) = postSolution
		{03679752-4337-4E51-9289-0CF84F881586}.Debug|Any CPU.ActiveCfg = Debug|Any CPU
		{03679752-4337-4E51-9289-0CF84F881586}.Debug|Any CPU.Build.0 = Debug|Any CPU
		{03679752-4337-4E51-9289-0CF84F881586}.Release|Any CPU.ActiveCfg = Release|Any CPU
		{03679752-4337-4E51-9289-0CF84F881586}.Release|Any CPU.Build.0 = Release|Any CPU
	EndGlobalSection
	GlobalSection(SolutionProperties) = preSolution
		HideSolutionNode = FALSE
	EndGlobalSection
	GlobalSection(ExtensibilityGlobals) = postSolution
		SolutionGuid = {195F7480-75F9-426F-8C6E-4E1E4CDE5F44}
	EndGlobalSection
EndGlobal
