
Microsoft Visual Studio Solution File, Format Version 12.00
# Visual Studio Version 17
VisualStudioVersion = 17.1.32421.90
MinimumVisualStudioVersion = 10.0.40219.1
Project("{FAE04EC0-301F-11D3-BF4B-00C04F79EFBC}") = "Secao-06-Aula-081-Exercicio-de-fixacao-matrizes", "Secao-06-Aula-081-Exercicio-de-fixacao-matrizes\Secao-06-Aula-081-Exercicio-de-fixacao-matrizes.csproj", "{90DEB58F-04C1-41F5-B1CC-86ECBC8A4232}"
EndProject
Global
	GlobalSection(SolutionConfigurationPlatforms) = preSolution
		Debug|Any CPU = Debug|Any CPU
		Release|Any CPU = Release|Any CPU
	EndGlobalSection
	GlobalSection(ProjectConfigurationPlatforms) = postSolution
		{90DEB58F-04C1-41F5-B1CC-86ECBC8A4232}.Debug|Any CPU.ActiveCfg = Debug|Any CPU
		{90DEB58F-04C1-41F5-B1CC-86ECBC8A4232}.Debug|Any CPU.Build.0 = Debug|Any CPU
		{90DEB58F-04C1-41F5-B1CC-86ECBC8A4232}.Release|Any CPU.ActiveCfg = Release|Any CPU
		{90DEB58F-04C1-41F5-B1CC-86ECBC8A4232}.Release|Any CPU.Build.0 = Release|Any CPU
	EndGlobalSection
	GlobalSection(SolutionProperties) = preSolution
		HideSolutionNode = FALSE
	EndGlobalSection
	GlobalSection(ExtensibilityGlobals) = postSolution
		SolutionGuid = {5A17748A-F959-459D-8D3A-46CDA870B019}
	EndGlobalSection
EndGlobal
