
Microsoft Visual Studio Solution File, Format Version 12.00
# Visual Studio Version 17
VisualStudioVersion = 17.1.32414.318
MinimumVisualStudioVersion = 10.0.40219.1
Project("{FAE04EC0-301F-11D3-BF4B-00C04F79EFBC}") = "Secao-04-Aula-42", "Secao-04-Aula-42\Secao-04-Aula-42.csproj", "{7AFFE682-93BD-4453-A009-801DE6B8B300}"
EndProject
Global
	GlobalSection(SolutionConfigurationPlatforms) = preSolution
		Debug|Any CPU = Debug|Any CPU
		Release|Any CPU = Release|Any CPU
	EndGlobalSection
	GlobalSection(ProjectConfigurationPlatforms) = postSolution
		{7AFFE682-93BD-4453-A009-801DE6B8B300}.Debug|Any CPU.ActiveCfg = Debug|Any CPU
		{7AFFE682-93BD-4453-A009-801DE6B8B300}.Debug|Any CPU.Build.0 = Debug|Any CPU
		{7AFFE682-93BD-4453-A009-801DE6B8B300}.Release|Any CPU.ActiveCfg = Release|Any CPU
		{7AFFE682-93BD-4453-A009-801DE6B8B300}.Release|Any CPU.Build.0 = Release|Any CPU
	EndGlobalSection
	GlobalSection(SolutionProperties) = preSolution
		HideSolutionNode = FALSE
	EndGlobalSection
	GlobalSection(ExtensibilityGlobals) = postSolution
		SolutionGuid = {22D08072-35BB-429A-877F-D82A10F68A72}
	EndGlobalSection
EndGlobal
