
Microsoft Visual Studio Solution File, Format Version 12.00
# Visual Studio Version 17
VisualStudioVersion = 17.1.32421.90
MinimumVisualStudioVersion = 10.0.40219.1
Project("{FAE04EC0-301F-11D3-BF4B-00C04F79EFBC}") = "Secao-07-Aula-088-Funcoes-interessantes-para-string", "Secao-07-Aula-088-Funcoes-interessantes-para-string\Secao-07-Aula-088-Funcoes-interessantes-para-string.csproj", "{65047FBA-4EC9-4E27-A32A-F3F3B027877C}"
EndProject
Global
	GlobalSection(SolutionConfigurationPlatforms) = preSolution
		Debug|Any CPU = Debug|Any CPU
		Release|Any CPU = Release|Any CPU
	EndGlobalSection
	GlobalSection(ProjectConfigurationPlatforms) = postSolution
		{65047FBA-4EC9-4E27-A32A-F3F3B027877C}.Debug|Any CPU.ActiveCfg = Debug|Any CPU
		{65047FBA-4EC9-4E27-A32A-F3F3B027877C}.Debug|Any CPU.Build.0 = Debug|Any CPU
		{65047FBA-4EC9-4E27-A32A-F3F3B027877C}.Release|Any CPU.ActiveCfg = Release|Any CPU
		{65047FBA-4EC9-4E27-A32A-F3F3B027877C}.Release|Any CPU.Build.0 = Release|Any CPU
	EndGlobalSection
	GlobalSection(SolutionProperties) = preSolution
		HideSolutionNode = FALSE
	EndGlobalSection
	GlobalSection(ExtensibilityGlobals) = postSolution
		SolutionGuid = {EE701DBE-E9DD-433C-B1FD-8867EA687D59}
	EndGlobalSection
EndGlobal
