
Microsoft Visual Studio Solution File, Format Version 12.00
# Visual Studio Version 17
VisualStudioVersion = 17.1.32421.90
MinimumVisualStudioVersion = 10.0.40219.1
Project("{FAE04EC0-301F-11D3-BF4B-00C04F79EFBC}") = "Secao-17-Aula-233-Action", "Secao-17-Aula-233-Action\Secao-17-Aula-233-Action.csproj", "{20211016-6ACD-4E9E-A665-C43C60D9D22D}"
EndProject
Global
	GlobalSection(SolutionConfigurationPlatforms) = preSolution
		Debug|Any CPU = Debug|Any CPU
		Release|Any CPU = Release|Any CPU
	EndGlobalSection
	GlobalSection(ProjectConfigurationPlatforms) = postSolution
		{20211016-6ACD-4E9E-A665-C43C60D9D22D}.Debug|Any CPU.ActiveCfg = Debug|Any CPU
		{20211016-6ACD-4E9E-A665-C43C60D9D22D}.Debug|Any CPU.Build.0 = Debug|Any CPU
		{20211016-6ACD-4E9E-A665-C43C60D9D22D}.Release|Any CPU.ActiveCfg = Release|Any CPU
		{20211016-6ACD-4E9E-A665-C43C60D9D22D}.Release|Any CPU.Build.0 = Release|Any CPU
	EndGlobalSection
	GlobalSection(SolutionProperties) = preSolution
		HideSolutionNode = FALSE
	EndGlobalSection
	GlobalSection(ExtensibilityGlobals) = postSolution
		SolutionGuid = {552B9390-871A-4EBA-A4C6-6EF09CB2FBFB}
	EndGlobalSection
EndGlobal
