
Microsoft Visual Studio Solution File, Format Version 12.00
# Visual Studio Version 17
VisualStudioVersion = 17.1.32421.90
MinimumVisualStudioVersion = 10.0.40219.1
Project("{FAE04EC0-301F-11D3-BF4B-00C04F79EFBC}") = "Secao-13-Aula-198-StreamWriter", "Secao-13-Aula-198-StreamWriter\Secao-13-Aula-198-StreamWriter.csproj", "{7CA85B82-B89D-4099-97B6-1FD8539E1918}"
EndProject
Global
	GlobalSection(SolutionConfigurationPlatforms) = preSolution
		Debug|Any CPU = Debug|Any CPU
		Release|Any CPU = Release|Any CPU
	EndGlobalSection
	GlobalSection(ProjectConfigurationPlatforms) = postSolution
		{7CA85B82-B89D-4099-97B6-1FD8539E1918}.Debug|Any CPU.ActiveCfg = Debug|Any CPU
		{7CA85B82-B89D-4099-97B6-1FD8539E1918}.Debug|Any CPU.Build.0 = Debug|Any CPU
		{7CA85B82-B89D-4099-97B6-1FD8539E1918}.Release|Any CPU.ActiveCfg = Release|Any CPU
		{7CA85B82-B89D-4099-97B6-1FD8539E1918}.Release|Any CPU.Build.0 = Release|Any CPU
	EndGlobalSection
	GlobalSection(SolutionProperties) = preSolution
		HideSolutionNode = FALSE
	EndGlobalSection
	GlobalSection(ExtensibilityGlobals) = postSolution
		SolutionGuid = {909E45D3-F5A3-470F-B655-FDB57080544F}
	EndGlobalSection
EndGlobal
